
Microsoft Visual Studio Solution File, Format Version 12.00
# Visual Studio Version 16
VisualStudioVersion = 16.0.31129.286
MinimumVisualStudioVersion = 10.0.40219.1
Project("{9A19103F-16F7-4668-BE54-9A1E7A4F7556}") = "CollectibleTailCalls", "CollectibleTailCalls\CollectibleTailCalls.csproj", "{6DA85103-D42C-4458-9757-DFFEC29A1B3F}"
EndProject
Project("{FAE04EC0-301F-11D3-BF4B-00C04F79EFBC}") = "Accessor", "Accessor\Accessor.csproj", "{28986DA8-3C1A-43E8-9019-E8BCCA72B996}"
EndProject
Project("{FAE04EC0-301F-11D3-BF4B-00C04F79EFBC}") = "Unloaded", "Unloaded\Unloaded.csproj", "{C96079F7-9377-4709-A600-A0036B559493}"
EndProject
Global
	GlobalSection(SolutionConfigurationPlatforms) = preSolution
		Debug|Any CPU = Debug|Any CPU
		Release|Any CPU = Release|Any CPU
	EndGlobalSection
	GlobalSection(ProjectConfigurationPlatforms) = postSolution
		{6DA85103-D42C-4458-9757-DFFEC29A1B3F}.Debug|Any CPU.ActiveCfg = Debug|Any CPU
		{6DA85103-D42C-4458-9757-DFFEC29A1B3F}.Debug|Any CPU.Build.0 = Debug|Any CPU
		{6DA85103-D42C-4458-9757-DFFEC29A1B3F}.Release|Any CPU.ActiveCfg = Release|Any CPU
		{6DA85103-D42C-4458-9757-DFFEC29A1B3F}.Release|Any CPU.Build.0 = Release|Any CPU
		{28986DA8-3C1A-43E8-9019-E8BCCA72B996}.Debug|Any CPU.ActiveCfg = Debug|Any CPU
		{28986DA8-3C1A-43E8-9019-E8BCCA72B996}.Debug|Any CPU.Build.0 = Debug|Any CPU
		{28986DA8-3C1A-43E8-9019-E8BCCA72B996}.Release|Any CPU.ActiveCfg = Release|Any CPU
		{28986DA8-3C1A-43E8-9019-E8BCCA72B996}.Release|Any CPU.Build.0 = Release|Any CPU
		{C96079F7-9377-4709-A600-A0036B559493}.Debug|Any CPU.ActiveCfg = Debug|Any CPU
		{C96079F7-9377-4709-A600-A0036B559493}.Debug|Any CPU.Build.0 = Debug|Any CPU
		{C96079F7-9377-4709-A600-A0036B559493}.Release|Any CPU.ActiveCfg = Release|Any CPU
		{C96079F7-9377-4709-A600-A0036B559493}.Release|Any CPU.Build.0 = Release|Any CPU
	EndGlobalSection
	GlobalSection(SolutionProperties) = preSolution
		HideSolutionNode = FALSE
	EndGlobalSection
	GlobalSection(ExtensibilityGlobals) = postSolution
		SolutionGuid = {1F91E3EB-F2F3-41F3-8FA5-939C3E5BF03A}
	EndGlobalSection
EndGlobal
